// !$*UTF8*$!
{
	archiveVersion = 1;
	classes = {
	};
	objectVersion = 46;
	objects = {

/* Begin PBXBuildFile section */
		021BD8D21D0C9C5D0017FC49 /* GameViewDelegate.swift in Sources */ = {isa = PBXBuildFile; fileRef = 021BD8D11D0C9C5D0017FC49 /* GameViewDelegate.swift */; };
		022098171C1DBFD2005155E6 /* GridLayout.swift in Sources */ = {isa = PBXBuildFile; fileRef = 022098161C1DBFD2005155E6 /* GridLayout.swift */; };
		022098191C1DC005005155E6 /* RandomNumber.swift in Sources */ = {isa = PBXBuildFile; fileRef = 022098181C1DC005005155E6 /* RandomNumber.swift */; };
		0220981C1C1DC796005155E6 /* Grid.swift in Sources */ = {isa = PBXBuildFile; fileRef = 0220981B1C1DC796005155E6 /* Grid.swift */; };
		0220981E1C1DC808005155E6 /* MultipleHelper.swift in Sources */ = {isa = PBXBuildFile; fileRef = 0220981D1C1DC808005155E6 /* MultipleHelper.swift */; };
		022098201C1DCA6C005155E6 /* NumberCombination.swift in Sources */ = {isa = PBXBuildFile; fileRef = 0220981F1C1DCA6C005155E6 /* NumberCombination.swift */; };
		022098251C1DFDEB005155E6 /* TileView.swift in Sources */ = {isa = PBXBuildFile; fileRef = 022098241C1DFDEB005155E6 /* TileView.swift */; };
		022D4B201CE92885004EFFC7 /* ProgressionManager.swift in Sources */ = {isa = PBXBuildFile; fileRef = 022D4B1F1CE92885004EFFC7 /* ProgressionManager.swift */; };
		0232DC921C2386360039E5CE /* CenterOfView.swift in Sources */ = {isa = PBXBuildFile; fileRef = 0232DC911C2386360039E5CE /* CenterOfView.swift */; };
		0232DC941C23A9830039E5CE /* GameStatus.swift in Sources */ = {isa = PBXBuildFile; fileRef = 0232DC931C23A9830039E5CE /* GameStatus.swift */; };
		0232DC961C25D7E90039E5CE /* OperationCompletion.swift in Sources */ = {isa = PBXBuildFile; fileRef = 0232DC951C25D7E90039E5CE /* OperationCompletion.swift */; };
		0240B9551C18EF86004B48BA /* AppDelegate.swift in Sources */ = {isa = PBXBuildFile; fileRef = 0240B9541C18EF86004B48BA /* AppDelegate.swift */; };
		0240B9571C18EF86004B48BA /* ViewController.swift in Sources */ = {isa = PBXBuildFile; fileRef = 0240B9561C18EF86004B48BA /* ViewController.swift */; };
		0240B95A1C18EF86004B48BA /* Main.storyboard in Resources */ = {isa = PBXBuildFile; fileRef = 0240B9581C18EF86004B48BA /* Main.storyboard */; };
		0240B95C1C18EF86004B48BA /* Assets.xcassets in Resources */ = {isa = PBXBuildFile; fileRef = 0240B95B1C18EF86004B48BA /* Assets.xcassets */; };
		0240B95F1C18EF86004B48BA /* LaunchScreen.storyboard in Resources */ = {isa = PBXBuildFile; fileRef = 0240B95D1C18EF86004B48BA /* LaunchScreen.storyboard */; };
		0247A3601CFFD30A00FC52B9 /* UIHelpers.swift in Sources */ = {isa = PBXBuildFile; fileRef = 0247A35F1CFFD30A00FC52B9 /* UIHelpers.swift */; };
		0247A3621CFFD45600FC52B9 /* AuthViewController.swift in Sources */ = {isa = PBXBuildFile; fileRef = 0247A3611CFFD45600FC52B9 /* AuthViewController.swift */; };
		0269CD691CFCF512004184E5 /* GradientLayer.swift in Sources */ = {isa = PBXBuildFile; fileRef = 0269CD681CFCF512004184E5 /* GradientLayer.swift */; };
		02A4E49F1C2102BC00C5B4E1 /* TimeString.swift in Sources */ = {isa = PBXBuildFile; fileRef = 02A4E49E1C2102BC00C5B4E1 /* TimeString.swift */; };
		02ADE4CE1CFE7133000AB183 /* HomeViewController.swift in Sources */ = {isa = PBXBuildFile; fileRef = 02ADE4CD1CFE7133000AB183 /* HomeViewController.swift */; };
		02ADE4D41CFE7218000AB183 /* APIService.swift in Sources */ = {isa = PBXBuildFile; fileRef = 02ADE4D31CFE7218000AB183 /* APIService.swift */; };
		02ADE4D61CFE7344000AB183 /* KeychainSwiftDistrib.swift in Sources */ = {isa = PBXBuildFile; fileRef = 02ADE4D51CFE7344000AB183 /* KeychainSwiftDistrib.swift */; };
		02ADE4D81CFE7375000AB183 /* CurrentUser.swift in Sources */ = {isa = PBXBuildFile; fileRef = 02ADE4D71CFE7375000AB183 /* CurrentUser.swift */; };
		02ADE4DA1CFE73E1000AB183 /* User.swift in Sources */ = {isa = PBXBuildFile; fileRef = 02ADE4D91CFE73E1000AB183 /* User.swift */; };
		02ADE4DD1CFE77E1000AB183 /* ScoreTableViewCell.swift in Sources */ = {isa = PBXBuildFile; fileRef = 02ADE4DC1CFE77E1000AB183 /* ScoreTableViewCell.swift */; };
		02ADE4DF1CFE7C94000AB183 /* LeaderboardViewController.swift in Sources */ = {isa = PBXBuildFile; fileRef = 02ADE4DE1CFE7C94000AB183 /* LeaderboardViewController.swift */; };
		02ADE4E11CFE8B1C000AB183 /* Score.swift in Sources */ = {isa = PBXBuildFile; fileRef = 02ADE4E01CFE8B1C000AB183 /* Score.swift */; };
		02ADE4E31CFF0544000AB183 /* ProfileViewController.swift in Sources */ = {isa = PBXBuildFile; fileRef = 02ADE4E21CFF0544000AB183 /* ProfileViewController.swift */; };
		02BCF0DB1D0F0FB70083B2F2 /* YIInnerShadowLayer.m in Sources */ = {isa = PBXBuildFile; fileRef = 02BCF0DA1D0F0FB70083B2F2 /* YIInnerShadowLayer.m */; };
		02BCF0DE1D0F10080083B2F2 /* YIInnerShadowView.m in Sources */ = {isa = PBXBuildFile; fileRef = 02BCF0DD1D0F10080083B2F2 /* YIInnerShadowView.m */; };
		02BCF0E01D0F372A0083B2F2 /* TutorialPopoverViewController.swift in Sources */ = {isa = PBXBuildFile; fileRef = 02BCF0DF1D0F372A0083B2F2 /* TutorialPopoverViewController.swift */; };
		02DB529D1D036CB10052D72A /* DIN Black.ttf in Resources */ = {isa = PBXBuildFile; fileRef = 02DB52901D036CB10052D72A /* DIN Black.ttf */; };
		02DB529E1D036CB10052D72A /* DINB____.TTF in Resources */ = {isa = PBXBuildFile; fileRef = 02DB52911D036CB10052D72A /* DINB____.TTF */; };
		02DB529F1D036CB10052D72A /* DINBA___.TTF in Resources */ = {isa = PBXBuildFile; fileRef = 02DB52921D036CB10052D72A /* DINBA___.TTF */; };
		02DB52A01D036CB10052D72A /* DINE1.TTF in Resources */ = {isa = PBXBuildFile; fileRef = 02DB52931D036CB10052D72A /* DINE1.TTF */; };
		02DB52A11D036CB10052D72A /* DINL____.TTF in Resources */ = {isa = PBXBuildFile; fileRef = 02DB52941D036CB10052D72A /* DINL____.TTF */; };
		02DB52A21D036CB10052D72A /* DINLA___.TTF in Resources */ = {isa = PBXBuildFile; fileRef = 02DB52951D036CB10052D72A /* DINLA___.TTF */; };
		02DB52A31D036CB10052D72A /* DINM____.TTF in Resources */ = {isa = PBXBuildFile; fileRef = 02DB52961D036CB10052D72A /* DINM____.TTF */; };
		02DB52A41D036CB10052D72A /* DINM2.TTF in Resources */ = {isa = PBXBuildFile; fileRef = 02DB52971D036CB10052D72A /* DINM2.TTF */; };
		02DB52A51D036CB10052D72A /* DINMA___.TTF in Resources */ = {isa = PBXBuildFile; fileRef = 02DB52981D036CB10052D72A /* DINMA___.TTF */; };
		02DB52A61D036CB10052D72A /* DINNGBC3.TTF in Resources */ = {isa = PBXBuildFile; fileRef = 02DB52991D036CB10052D72A /* DINNGBC3.TTF */; };
		02DB52A71D036CB10052D72A /* DINNGL4.TTF in Resources */ = {isa = PBXBuildFile; fileRef = 02DB529A1D036CB10052D72A /* DINNGL4.TTF */; };
		02DB52A81D036CB10052D72A /* DINR____.TTF in Resources */ = {isa = PBXBuildFile; fileRef = 02DB529B1D036CB10052D72A /* DINR____.TTF */; };
		02DB52A91D036CB10052D72A /* DINRA___.TTF in Resources */ = {isa = PBXBuildFile; fileRef = 02DB529C1D036CB10052D72A /* DINRA___.TTF */; };
		02DB52AB1D03961E0052D72A /* ThemeHelper.swift in Sources */ = {isa = PBXBuildFile; fileRef = 02DB52AA1D03961E0052D72A /* ThemeHelper.swift */; };
		02DB52AF1D04BF0C0052D72A /* HelperPointViewController.swift in Sources */ = {isa = PBXBuildFile; fileRef = 02DB52AE1D04BF0C0052D72A /* HelperPointViewController.swift */; };
		02DB52B11D04C8B50052D72A /* GameLaunchViewController.swift in Sources */ = {isa = PBXBuildFile; fileRef = 02DB52B01D04C8B50052D72A /* GameLaunchViewController.swift */; };
		02DB52B31D04C8C10052D72A /* GameViewController.swift in Sources */ = {isa = PBXBuildFile; fileRef = 02DB52B21D04C8C10052D72A /* GameViewController.swift */; };
		02DB52B51D04FE530052D72A /* SegueHelper.swift in Sources */ = {isa = PBXBuildFile; fileRef = 02DB52B41D04FE530052D72A /* SegueHelper.swift */; };
		02E6FCE21D07B6A9007A98EE /* GameKitViewController.swift in Sources */ = {isa = PBXBuildFile; fileRef = 02E6FCE11D07B6A9007A98EE /* GameKitViewController.swift */; };
		02E6FCE41D08EA0D007A98EE /* HelperHelpViewController.swift in Sources */ = {isa = PBXBuildFile; fileRef = 02E6FCE31D08EA0D007A98EE /* HelperHelpViewController.swift */; };
		02E6FCE61D08EB91007A98EE /* HowToPlayViewController.swift in Sources */ = {isa = PBXBuildFile; fileRef = 02E6FCE51D08EB91007A98EE /* HowToPlayViewController.swift */; };
/* End PBXBuildFile section */

/* Begin PBXFileReference section */
		021BD8D11D0C9C5D0017FC49 /* GameViewDelegate.swift */ = {isa = PBXFileReference; fileEncoding = 4; lastKnownFileType = sourcecode.swift; path = GameViewDelegate.swift; sourceTree = "<group>"; };
		022098161C1DBFD2005155E6 /* GridLayout.swift */ = {isa = PBXFileReference; fileEncoding = 4; lastKnownFileType = sourcecode.swift; path = GridLayout.swift; sourceTree = "<group>"; };
		022098181C1DC005005155E6 /* RandomNumber.swift */ = {isa = PBXFileReference; fileEncoding = 4; lastKnownFileType = sourcecode.swift; path = RandomNumber.swift; sourceTree = "<group>"; };
		0220981B1C1DC796005155E6 /* Grid.swift */ = {isa = PBXFileReference; fileEncoding = 4; lastKnownFileType = sourcecode.swift; name = Grid.swift; path = ../Grid.swift; sourceTree = "<group>"; };
		0220981D1C1DC808005155E6 /* MultipleHelper.swift */ = {isa = PBXFileReference; fileEncoding = 4; lastKnownFileType = sourcecode.swift; path = MultipleHelper.swift; sourceTree = "<group>"; };
		0220981F1C1DCA6C005155E6 /* NumberCombination.swift */ = {isa = PBXFileReference; fileEncoding = 4; lastKnownFileType = sourcecode.swift; path = NumberCombination.swift; sourceTree = "<group>"; };
		022098241C1DFDEB005155E6 /* TileView.swift */ = {isa = PBXFileReference; fileEncoding = 4; lastKnownFileType = sourcecode.swift; path = TileView.swift; sourceTree = "<group>"; };
		022D4B1F1CE92885004EFFC7 /* ProgressionManager.swift */ = {isa = PBXFileReference; fileEncoding = 4; lastKnownFileType = sourcecode.swift; path = ProgressionManager.swift; sourceTree = "<group>"; };
		0232DC911C2386360039E5CE /* CenterOfView.swift */ = {isa = PBXFileReference; fileEncoding = 4; lastKnownFileType = sourcecode.swift; path = CenterOfView.swift; sourceTree = "<group>"; };
		0232DC931C23A9830039E5CE /* GameStatus.swift */ = {isa = PBXFileReference; fileEncoding = 4; lastKnownFileType = sourcecode.swift; path = GameStatus.swift; sourceTree = "<group>"; };
		0232DC951C25D7E90039E5CE /* OperationCompletion.swift */ = {isa = PBXFileReference; fileEncoding = 4; lastKnownFileType = sourcecode.swift; path = OperationCompletion.swift; sourceTree = "<group>"; };
		0240B9511C18EF86004B48BA /* SwipeRight!.app */ = {isa = PBXFileReference; explicitFileType = wrapper.application; includeInIndex = 0; path = "SwipeRight!.app"; sourceTree = BUILT_PRODUCTS_DIR; };
		0240B9541C18EF86004B48BA /* AppDelegate.swift */ = {isa = PBXFileReference; lastKnownFileType = sourcecode.swift; path = AppDelegate.swift; sourceTree = "<group>"; };
		0240B9561C18EF86004B48BA /* ViewController.swift */ = {isa = PBXFileReference; lastKnownFileType = sourcecode.swift; path = ViewController.swift; sourceTree = "<group>"; };
		0240B9591C18EF86004B48BA /* Base */ = {isa = PBXFileReference; lastKnownFileType = file.storyboard; name = Base; path = Base.lproj/Main.storyboard; sourceTree = "<group>"; };
		0240B95B1C18EF86004B48BA /* Assets.xcassets */ = {isa = PBXFileReference; lastKnownFileType = folder.assetcatalog; path = Assets.xcassets; sourceTree = "<group>"; };
		0240B95E1C18EF86004B48BA /* Base */ = {isa = PBXFileReference; lastKnownFileType = file.storyboard; name = Base; path = Base.lproj/LaunchScreen.storyboard; sourceTree = "<group>"; };
		0240B9601C18EF86004B48BA /* Info.plist */ = {isa = PBXFileReference; lastKnownFileType = text.plist.xml; path = Info.plist; sourceTree = "<group>"; };
		0247A35F1CFFD30A00FC52B9 /* UIHelpers.swift */ = {isa = PBXFileReference; fileEncoding = 4; lastKnownFileType = sourcecode.swift; path = UIHelpers.swift; sourceTree = "<group>"; };
		0247A3611CFFD45600FC52B9 /* AuthViewController.swift */ = {isa = PBXFileReference; fileEncoding = 4; lastKnownFileType = sourcecode.swift; path = AuthViewController.swift; sourceTree = "<group>"; };
		0269CD681CFCF512004184E5 /* GradientLayer.swift */ = {isa = PBXFileReference; fileEncoding = 4; lastKnownFileType = sourcecode.swift; path = GradientLayer.swift; sourceTree = "<group>"; };
		02A4E49E1C2102BC00C5B4E1 /* TimeString.swift */ = {isa = PBXFileReference; fileEncoding = 4; lastKnownFileType = sourcecode.swift; path = TimeString.swift; sourceTree = "<group>"; };
		02ADE4CD1CFE7133000AB183 /* HomeViewController.swift */ = {isa = PBXFileReference; fileEncoding = 4; lastKnownFileType = sourcecode.swift; path = HomeViewController.swift; sourceTree = "<group>"; };
		02ADE4D31CFE7218000AB183 /* APIService.swift */ = {isa = PBXFileReference; fileEncoding = 4; lastKnownFileType = sourcecode.swift; path = APIService.swift; sourceTree = "<group>"; };
		02ADE4D51CFE7344000AB183 /* KeychainSwiftDistrib.swift */ = {isa = PBXFileReference; fileEncoding = 4; lastKnownFileType = sourcecode.swift; path = KeychainSwiftDistrib.swift; sourceTree = "<group>"; };
		02ADE4D71CFE7375000AB183 /* CurrentUser.swift */ = {isa = PBXFileReference; fileEncoding = 4; lastKnownFileType = sourcecode.swift; path = CurrentUser.swift; sourceTree = "<group>"; };
		02ADE4D91CFE73E1000AB183 /* User.swift */ = {isa = PBXFileReference; fileEncoding = 4; lastKnownFileType = sourcecode.swift; path = User.swift; sourceTree = "<group>"; };
		02ADE4DC1CFE77E1000AB183 /* ScoreTableViewCell.swift */ = {isa = PBXFileReference; fileEncoding = 4; lastKnownFileType = sourcecode.swift; path = ScoreTableViewCell.swift; sourceTree = "<group>"; };
		02ADE4DE1CFE7C94000AB183 /* LeaderboardViewController.swift */ = {isa = PBXFileReference; fileEncoding = 4; lastKnownFileType = sourcecode.swift; name = LeaderboardViewController.swift; path = ../LeaderboardViewController.swift; sourceTree = "<group>"; };
		02ADE4E01CFE8B1C000AB183 /* Score.swift */ = {isa = PBXFileReference; fileEncoding = 4; lastKnownFileType = sourcecode.swift; path = Score.swift; sourceTree = "<group>"; };
		02ADE4E21CFF0544000AB183 /* ProfileViewController.swift */ = {isa = PBXFileReference; fileEncoding = 4; lastKnownFileType = sourcecode.swift; path = ProfileViewController.swift; sourceTree = "<group>"; };
		02BCF0D81D0F0F5B0083B2F2 /* YIInnerShadowLayer.h */ = {isa = PBXFileReference; fileEncoding = 4; lastKnownFileType = sourcecode.c.h; path = YIInnerShadowLayer.h; sourceTree = "<group>"; };
		02BCF0D91D0F0FB70083B2F2 /* SwipeRight!-Bridging-Header.h */ = {isa = PBXFileReference; lastKnownFileType = sourcecode.c.h; path = "SwipeRight!-Bridging-Header.h"; sourceTree = "<group>"; };
		02BCF0DA1D0F0FB70083B2F2 /* YIInnerShadowLayer.m */ = {isa = PBXFileReference; fileEncoding = 4; lastKnownFileType = sourcecode.c.objc; path = YIInnerShadowLayer.m; sourceTree = "<group>"; };
		02BCF0DC1D0F0FEB0083B2F2 /* YIInnerShadowView.h */ = {isa = PBXFileReference; fileEncoding = 4; lastKnownFileType = sourcecode.c.h; path = YIInnerShadowView.h; sourceTree = "<group>"; };
		02BCF0DD1D0F10080083B2F2 /* YIInnerShadowView.m */ = {isa = PBXFileReference; fileEncoding = 4; lastKnownFileType = sourcecode.c.objc; path = YIInnerShadowView.m; sourceTree = "<group>"; };
		02BCF0DF1D0F372A0083B2F2 /* TutorialPopoverViewController.swift */ = {isa = PBXFileReference; fileEncoding = 4; lastKnownFileType = sourcecode.swift; path = TutorialPopoverViewController.swift; sourceTree = "<group>"; };
		02DB52901D036CB10052D72A /* DIN Black.ttf */ = {isa = PBXFileReference; lastKnownFileType = file; path = "DIN Black.ttf"; sourceTree = "<group>"; };
		02DB52911D036CB10052D72A /* DINB____.TTF */ = {isa = PBXFileReference; lastKnownFileType = file; path = "DINB____.TTF"; sourceTree = "<group>"; };
		02DB52921D036CB10052D72A /* DINBA___.TTF */ = {isa = PBXFileReference; lastKnownFileType = file; path = "DINBA___.TTF"; sourceTree = "<group>"; };
		02DB52931D036CB10052D72A /* DINE1.TTF */ = {isa = PBXFileReference; lastKnownFileType = file; path = DINE1.TTF; sourceTree = "<group>"; };
		02DB52941D036CB10052D72A /* DINL____.TTF */ = {isa = PBXFileReference; lastKnownFileType = file; path = "DINL____.TTF"; sourceTree = "<group>"; };
		02DB52951D036CB10052D72A /* DINLA___.TTF */ = {isa = PBXFileReference; lastKnownFileType = file; path = "DINLA___.TTF"; sourceTree = "<group>"; };
		02DB52961D036CB10052D72A /* DINM____.TTF */ = {isa = PBXFileReference; lastKnownFileType = file; path = "DINM____.TTF"; sourceTree = "<group>"; };
		02DB52971D036CB10052D72A /* DINM2.TTF */ = {isa = PBXFileReference; lastKnownFileType = file; path = DINM2.TTF; sourceTree = "<group>"; };
		02DB52981D036CB10052D72A /* DINMA___.TTF */ = {isa = PBXFileReference; lastKnownFileType = file; path = "DINMA___.TTF"; sourceTree = "<group>"; };
		02DB52991D036CB10052D72A /* DINNGBC3.TTF */ = {isa = PBXFileReference; lastKnownFileType = file; path = DINNGBC3.TTF; sourceTree = "<group>"; };
		02DB529A1D036CB10052D72A /* DINNGL4.TTF */ = {isa = PBXFileReference; lastKnownFileType = file; path = DINNGL4.TTF; sourceTree = "<group>"; };
		02DB529B1D036CB10052D72A /* DINR____.TTF */ = {isa = PBXFileReference; lastKnownFileType = file; path = "DINR____.TTF"; sourceTree = "<group>"; };
		02DB529C1D036CB10052D72A /* DINRA___.TTF */ = {isa = PBXFileReference; lastKnownFileType = file; path = "DINRA___.TTF"; sourceTree = "<group>"; };
		02DB52AA1D03961E0052D72A /* ThemeHelper.swift */ = {isa = PBXFileReference; fileEncoding = 4; lastKnownFileType = sourcecode.swift; path = ThemeHelper.swift; sourceTree = "<group>"; };
		02DB52AE1D04BF0C0052D72A /* HelperPointViewController.swift */ = {isa = PBXFileReference; fileEncoding = 4; lastKnownFileType = sourcecode.swift; path = HelperPointViewController.swift; sourceTree = "<group>"; };
		02DB52B01D04C8B50052D72A /* GameLaunchViewController.swift */ = {isa = PBXFileReference; fileEncoding = 4; lastKnownFileType = sourcecode.swift; path = GameLaunchViewController.swift; sourceTree = "<group>"; };
		02DB52B21D04C8C10052D72A /* GameViewController.swift */ = {isa = PBXFileReference; fileEncoding = 4; lastKnownFileType = sourcecode.swift; path = GameViewController.swift; sourceTree = "<group>"; };
		02DB52B41D04FE530052D72A /* SegueHelper.swift */ = {isa = PBXFileReference; fileEncoding = 4; lastKnownFileType = sourcecode.swift; path = SegueHelper.swift; sourceTree = "<group>"; };
		02E6FCE11D07B6A9007A98EE /* GameKitViewController.swift */ = {isa = PBXFileReference; fileEncoding = 4; lastKnownFileType = sourcecode.swift; path = GameKitViewController.swift; sourceTree = "<group>"; };
		02E6FCE31D08EA0D007A98EE /* HelperHelpViewController.swift */ = {isa = PBXFileReference; fileEncoding = 4; lastKnownFileType = sourcecode.swift; path = HelperHelpViewController.swift; sourceTree = "<group>"; };
		02E6FCE51D08EB91007A98EE /* HowToPlayViewController.swift */ = {isa = PBXFileReference; fileEncoding = 4; lastKnownFileType = sourcecode.swift; path = HowToPlayViewController.swift; sourceTree = "<group>"; };
/* End PBXFileReference section */

/* Begin PBXFrameworksBuildPhase section */
		0240B94E1C18EF86004B48BA /* Frameworks */ = {
			isa = PBXFrameworksBuildPhase;
			buildActionMask = 2147483647;
			files = (
			);
			runOnlyForDeploymentPostprocessing = 0;
		};
/* End PBXFrameworksBuildPhase section */

/* Begin PBXGroup section */
		0220981A1C1DC00A005155E6 /* Extensions */ = {
			isa = PBXGroup;
			children = (
				02ADE4D51CFE7344000AB183 /* KeychainSwiftDistrib.swift */,
				02BCF0D71D0F0F1D0083B2F2 /* objc */,
				0220981B1C1DC796005155E6 /* Grid.swift */,
				0247A35F1CFFD30A00FC52B9 /* UIHelpers.swift */,
				0269CD681CFCF512004184E5 /* GradientLayer.swift */,
				022098181C1DC005005155E6 /* RandomNumber.swift */,
				02A4E49E1C2102BC00C5B4E1 /* TimeString.swift */,
				0232DC911C2386360039E5CE /* CenterOfView.swift */,
				0232DC951C25D7E90039E5CE /* OperationCompletion.swift */,
				02DB52B41D04FE530052D72A /* SegueHelper.swift */,
			);
			name = Extensions;
			sourceTree = "<group>";
		};
		022098211C1DCA73005155E6 /* DataObjects */ = {
			isa = PBXGroup;
			children = (
				02ADE4DB1CFE7770000AB183 /* Services */,
				022D4B211CE9288D004EFFC7 /* Models */,
			);
			name = DataObjects;
			sourceTree = "<group>";
		};
		022098221C1DCAA9005155E6 /* Interface */ = {
			isa = PBXGroup;
			children = (
				0240B9581C18EF86004B48BA /* Main.storyboard */,
				0240B95D1C18EF86004B48BA /* LaunchScreen.storyboard */,
			);
			name = Interface;
			sourceTree = "<group>";
		};
		022098231C1DCABC005155E6 /* Admin */ = {
			isa = PBXGroup;
			children = (
				02DB528F1D036C980052D72A /* Resources */,
				0240B9601C18EF86004B48BA /* Info.plist */,
				0240B9541C18EF86004B48BA /* AppDelegate.swift */,
			);
			name = Admin;
			sourceTree = "<group>";
		};
		022D4B211CE9288D004EFFC7 /* Models */ = {
			isa = PBXGroup;
			children = (
				022098161C1DBFD2005155E6 /* GridLayout.swift */,
				02ADE4E01CFE8B1C000AB183 /* Score.swift */,
				021BD8D11D0C9C5D0017FC49 /* GameViewDelegate.swift */,
				022098241C1DFDEB005155E6 /* TileView.swift */,
				0220981F1C1DCA6C005155E6 /* NumberCombination.swift */,
				02ADE4D91CFE73E1000AB183 /* User.swift */,
			);
			name = Models;
			sourceTree = "<group>";
		};
		0240B9481C18EF86004B48BA = {
			isa = PBXGroup;
			children = (
				0240B9531C18EF86004B48BA /* SwipeRight */,
				0240B9521C18EF86004B48BA /* Products */,
			);
			sourceTree = "<group>";
		};
		0240B9521C18EF86004B48BA /* Products */ = {
			isa = PBXGroup;
			children = (
				0240B9511C18EF86004B48BA /* SwipeRight!.app */,
			);
			name = Products;
			sourceTree = "<group>";
		};
		0240B9531C18EF86004B48BA /* SwipeRight */ = {
			isa = PBXGroup;
			children = (
				022098231C1DCABC005155E6 /* Admin */,
				0220981A1C1DC00A005155E6 /* Extensions */,
				022098211C1DCA73005155E6 /* DataObjects */,
				02ADE4CC1CFE710B000AB183 /* ViewControllers */,
				022098221C1DCAA9005155E6 /* Interface */,
				0240B95B1C18EF86004B48BA /* Assets.xcassets */,
			);
			path = SwipeRight;
			sourceTree = "<group>";
		};
		0247A35E1CFFD26D00FC52B9 /* Profile */ = {
			isa = PBXGroup;
			children = (
				02ADE4E21CFF0544000AB183 /* ProfileViewController.swift */,
				0247A3611CFFD45600FC52B9 /* AuthViewController.swift */,
			);
			name = Profile;
			sourceTree = "<group>";
		};
		02ADE4CC1CFE710B000AB183 /* ViewControllers */ = {
			isa = PBXGroup;
			children = (
				02E6FCE11D07B6A9007A98EE /* GameKitViewController.swift */,
				02E6FCE31D08EA0D007A98EE /* HelperHelpViewController.swift */,
				02E6FCE51D08EB91007A98EE /* HowToPlayViewController.swift */,
				02BCF0DF1D0F372A0083B2F2 /* TutorialPopoverViewController.swift */,
				0240B9561C18EF86004B48BA /* ViewController.swift */,
				02DB52AE1D04BF0C0052D72A /* HelperPointViewController.swift */,
				02DB52B01D04C8B50052D72A /* GameLaunchViewController.swift */,
				02ADE4CD1CFE7133000AB183 /* HomeViewController.swift */,
				02DB52B21D04C8C10052D72A /* GameViewController.swift */,
				02ADE4DE1CFE7C94000AB183 /* LeaderboardViewController.swift */,
				0247A35E1CFFD26D00FC52B9 /* Profile */,
				02ADE4DC1CFE77E1000AB183 /* ScoreTableViewCell.swift */,
			);
			name = ViewControllers;
			sourceTree = "<group>";
		};
		02ADE4DB1CFE7770000AB183 /* Services */ = {
			isa = PBXGroup;
			children = (
				02ADE4D71CFE7375000AB183 /* CurrentUser.swift */,
				02DB52AA1D03961E0052D72A /* ThemeHelper.swift */,
				0220981D1C1DC808005155E6 /* MultipleHelper.swift */,
				0232DC931C23A9830039E5CE /* GameStatus.swift */,
				022D4B1F1CE92885004EFFC7 /* ProgressionManager.swift */,
				02ADE4D31CFE7218000AB183 /* APIService.swift */,
			);
			name = Services;
			sourceTree = "<group>";
		};
		02BCF0D71D0F0F1D0083B2F2 /* objc */ = {
			isa = PBXGroup;
			children = (
				02BCF0D81D0F0F5B0083B2F2 /* YIInnerShadowLayer.h */,
				02BCF0DC1D0F0FEB0083B2F2 /* YIInnerShadowView.h */,
				02BCF0DD1D0F10080083B2F2 /* YIInnerShadowView.m */,
				02BCF0DA1D0F0FB70083B2F2 /* YIInnerShadowLayer.m */,
				02BCF0D91D0F0FB70083B2F2 /* SwipeRight!-Bridging-Header.h */,
			);
			name = objc;
			sourceTree = "<group>";
		};
		02DB528F1D036C980052D72A /* Resources */ = {
			isa = PBXGroup;
			children = (
				02DB52901D036CB10052D72A /* DIN Black.ttf */,
				02DB52911D036CB10052D72A /* DINB____.TTF */,
				02DB52921D036CB10052D72A /* DINBA___.TTF */,
				02DB52931D036CB10052D72A /* DINE1.TTF */,
				02DB52941D036CB10052D72A /* DINL____.TTF */,
				02DB52951D036CB10052D72A /* DINLA___.TTF */,
				02DB52961D036CB10052D72A /* DINM____.TTF */,
				02DB52971D036CB10052D72A /* DINM2.TTF */,
				02DB52981D036CB10052D72A /* DINMA___.TTF */,
				02DB52991D036CB10052D72A /* DINNGBC3.TTF */,
				02DB529A1D036CB10052D72A /* DINNGL4.TTF */,
				02DB529B1D036CB10052D72A /* DINR____.TTF */,
				02DB529C1D036CB10052D72A /* DINRA___.TTF */,
			);
			name = Resources;
			sourceTree = "<group>";
		};
/* End PBXGroup section */

/* Begin PBXNativeTarget section */
		0240B9501C18EF86004B48BA /* SwipeRight! */ = {
			isa = PBXNativeTarget;
			buildConfigurationList = 0240B9631C18EF86004B48BA /* Build configuration list for PBXNativeTarget "SwipeRight!" */;
			buildPhases = (
				0240B94D1C18EF86004B48BA /* Sources */,
				0240B94E1C18EF86004B48BA /* Frameworks */,
				0240B94F1C18EF86004B48BA /* Resources */,
			);
			buildRules = (
			);
			dependencies = (
			);
			name = "SwipeRight!";
			productName = SwipeRight;
			productReference = 0240B9511C18EF86004B48BA /* SwipeRight!.app */;
			productType = "com.apple.product-type.application";
		};
/* End PBXNativeTarget section */

/* Begin PBXProject section */
		0240B9491C18EF86004B48BA /* Project object */ = {
			isa = PBXProject;
			attributes = {
				LastSwiftUpdateCheck = 0730;
				LastUpgradeCheck = 0710;
				ORGANIZATIONNAME = "Matthew Barth";
				TargetAttributes = {
					0240B9501C18EF86004B48BA = {
						CreatedOnToolsVersion = 7.1.1;
						DevelopmentTeam = JQA825VVQR;
					};
				};
			};
			buildConfigurationList = 0240B94C1C18EF86004B48BA /* Build configuration list for PBXProject "SwipeRight!" */;
			compatibilityVersion = "Xcode 3.2";
			developmentRegion = English;
			hasScannedForEncodings = 0;
			knownRegions = (
				en,
				Base,
			);
			mainGroup = 0240B9481C18EF86004B48BA;
			productRefGroup = 0240B9521C18EF86004B48BA /* Products */;
			projectDirPath = "";
			projectRoot = "";
			targets = (
				0240B9501C18EF86004B48BA /* SwipeRight! */,
			);
		};
/* End PBXProject section */

/* Begin PBXResourcesBuildPhase section */
		0240B94F1C18EF86004B48BA /* Resources */ = {
			isa = PBXResourcesBuildPhase;
			buildActionMask = 2147483647;
			files = (
				02DB529E1D036CB10052D72A /* DINB____.TTF in Resources */,
				02DB52A41D036CB10052D72A /* DINM2.TTF in Resources */,
				0240B95F1C18EF86004B48BA /* LaunchScreen.storyboard in Resources */,
				02DB52A91D036CB10052D72A /* DINRA___.TTF in Resources */,
				02DB52A21D036CB10052D72A /* DINLA___.TTF in Resources */,
				02DB529D1D036CB10052D72A /* DIN Black.ttf in Resources */,
				02DB52A31D036CB10052D72A /* DINM____.TTF in Resources */,
				02DB52A61D036CB10052D72A /* DINNGBC3.TTF in Resources */,
				02DB52A11D036CB10052D72A /* DINL____.TTF in Resources */,
				02DB52A01D036CB10052D72A /* DINE1.TTF in Resources */,
				02DB52A81D036CB10052D72A /* DINR____.TTF in Resources */,
				02DB529F1D036CB10052D72A /* DINBA___.TTF in Resources */,
				0240B95C1C18EF86004B48BA /* Assets.xcassets in Resources */,
				02DB52A71D036CB10052D72A /* DINNGL4.TTF in Resources */,
				02DB52A51D036CB10052D72A /* DINMA___.TTF in Resources */,
				0240B95A1C18EF86004B48BA /* Main.storyboard in Resources */,
			);
			runOnlyForDeploymentPostprocessing = 0;
		};
/* End PBXResourcesBuildPhase section */

/* Begin PBXSourcesBuildPhase section */
		0240B94D1C18EF86004B48BA /* Sources */ = {
			isa = PBXSourcesBuildPhase;
			buildActionMask = 2147483647;
			files = (
				02ADE4D41CFE7218000AB183 /* APIService.swift in Sources */,
				022098171C1DBFD2005155E6 /* GridLayout.swift in Sources */,
				0247A3601CFFD30A00FC52B9 /* UIHelpers.swift in Sources */,
				0232DC941C23A9830039E5CE /* GameStatus.swift in Sources */,
				02A4E49F1C2102BC00C5B4E1 /* TimeString.swift in Sources */,
				02DB52B51D04FE530052D72A /* SegueHelper.swift in Sources */,
				02E6FCE21D07B6A9007A98EE /* GameKitViewController.swift in Sources */,
				0240B9571C18EF86004B48BA /* ViewController.swift in Sources */,
				02E6FCE41D08EA0D007A98EE /* HelperHelpViewController.swift in Sources */,
				02BCF0E01D0F372A0083B2F2 /* TutorialPopoverViewController.swift in Sources */,
				02DB52B11D04C8B50052D72A /* GameLaunchViewController.swift in Sources */,
				022098251C1DFDEB005155E6 /* TileView.swift in Sources */,
				02BCF0DB1D0F0FB70083B2F2 /* YIInnerShadowLayer.m in Sources */,
				0232DC961C25D7E90039E5CE /* OperationCompletion.swift in Sources */,
				0247A3621CFFD45600FC52B9 /* AuthViewController.swift in Sources */,
				02DB52AB1D03961E0052D72A /* ThemeHelper.swift in Sources */,
				0240B9551C18EF86004B48BA /* AppDelegate.swift in Sources */,
				02ADE4E11CFE8B1C000AB183 /* Score.swift in Sources */,
				02ADE4DA1CFE73E1000AB183 /* User.swift in Sources */,
				02DB52AF1D04BF0C0052D72A /* HelperPointViewController.swift in Sources */,
				0220981C1C1DC796005155E6 /* Grid.swift in Sources */,
				022D4B201CE92885004EFFC7 /* ProgressionManager.swift in Sources */,
				022098201C1DCA6C005155E6 /* NumberCombination.swift in Sources */,
				02ADE4CE1CFE7133000AB183 /* HomeViewController.swift in Sources */,
				02E6FCE61D08EB91007A98EE /* HowToPlayViewController.swift in Sources */,
				0269CD691CFCF512004184E5 /* GradientLayer.swift in Sources */,
				02BCF0DE1D0F10080083B2F2 /* YIInnerShadowView.m in Sources */,
				02DB52B31D04C8C10052D72A /* GameViewController.swift in Sources */,
				02ADE4D61CFE7344000AB183 /* KeychainSwiftDistrib.swift in Sources */,
				02ADE4DD1CFE77E1000AB183 /* ScoreTableViewCell.swift in Sources */,
				0232DC921C2386360039E5CE /* CenterOfView.swift in Sources */,
				022098191C1DC005005155E6 /* RandomNumber.swift in Sources */,
				02ADE4D81CFE7375000AB183 /* CurrentUser.swift in Sources */,
				02ADE4E31CFF0544000AB183 /* ProfileViewController.swift in Sources */,
				02ADE4DF1CFE7C94000AB183 /* LeaderboardViewController.swift in Sources */,
				0220981E1C1DC808005155E6 /* MultipleHelper.swift in Sources */,
				021BD8D21D0C9C5D0017FC49 /* GameViewDelegate.swift in Sources */,
			);
			runOnlyForDeploymentPostprocessing = 0;
		};
/* End PBXSourcesBuildPhase section */

/* Begin PBXVariantGroup section */
		0240B9581C18EF86004B48BA /* Main.storyboard */ = {
			isa = PBXVariantGroup;
			children = (
				0240B9591C18EF86004B48BA /* Base */,
			);
			name = Main.storyboard;
			sourceTree = "<group>";
		};
		0240B95D1C18EF86004B48BA /* LaunchScreen.storyboard */ = {
			isa = PBXVariantGroup;
			children = (
				0240B95E1C18EF86004B48BA /* Base */,
			);
			name = LaunchScreen.storyboard;
			sourceTree = "<group>";
		};
/* End PBXVariantGroup section */

/* Begin XCBuildConfiguration section */
		0240B9611C18EF86004B48BA /* Debug */ = {
			isa = XCBuildConfiguration;
			buildSettings = {
				ALWAYS_SEARCH_USER_PATHS = NO;
				CLANG_CXX_LANGUAGE_STANDARD = "gnu++0x";
				CLANG_CXX_LIBRARY = "libc++";
				CLANG_ENABLE_MODULES = YES;
				CLANG_ENABLE_OBJC_ARC = YES;
				CLANG_WARN_BOOL_CONVERSION = YES;
				CLANG_WARN_CONSTANT_CONVERSION = YES;
				CLANG_WARN_DIRECT_OBJC_ISA_USAGE = YES_ERROR;
				CLANG_WARN_EMPTY_BODY = YES;
				CLANG_WARN_ENUM_CONVERSION = YES;
				CLANG_WARN_INT_CONVERSION = YES;
				CLANG_WARN_OBJC_ROOT_CLASS = YES_ERROR;
				CLANG_WARN_UNREACHABLE_CODE = YES;
				CLANG_WARN__DUPLICATE_METHOD_MATCH = YES;
				"CODE_SIGN_IDENTITY[sdk=iphoneos*]" = "iPhone Developer";
				COPY_PHASE_STRIP = NO;
				DEBUG_INFORMATION_FORMAT = dwarf;
				ENABLE_STRICT_OBJC_MSGSEND = YES;
				ENABLE_TESTABILITY = YES;
				GCC_C_LANGUAGE_STANDARD = gnu99;
				GCC_DYNAMIC_NO_PIC = NO;
				GCC_NO_COMMON_BLOCKS = YES;
				GCC_OPTIMIZATION_LEVEL = 0;
				GCC_PREPROCESSOR_DEFINITIONS = (
					"DEBUG=1",
					"$(inherited)",
				);
				GCC_WARN_64_TO_32_BIT_CONVERSION = YES;
				GCC_WARN_ABOUT_RETURN_TYPE = YES_ERROR;
				GCC_WARN_UNDECLARED_SELECTOR = YES;
				GCC_WARN_UNINITIALIZED_AUTOS = YES_AGGRESSIVE;
				GCC_WARN_UNUSED_FUNCTION = YES;
				GCC_WARN_UNUSED_VARIABLE = YES;
				IPHONEOS_DEPLOYMENT_TARGET = 8.4;
				MTL_ENABLE_DEBUG_INFO = YES;
				ONLY_ACTIVE_ARCH = YES;
				SDKROOT = iphoneos;
				SWIFT_OPTIMIZATION_LEVEL = "-Onone";
			};
			name = Debug;
		};
		0240B9621C18EF86004B48BA /* Release */ = {
			isa = XCBuildConfiguration;
			buildSettings = {
				ALWAYS_SEARCH_USER_PATHS = NO;
				CLANG_CXX_LANGUAGE_STANDARD = "gnu++0x";
				CLANG_CXX_LIBRARY = "libc++";
				CLANG_ENABLE_MODULES = YES;
				CLANG_ENABLE_OBJC_ARC = YES;
				CLANG_WARN_BOOL_CONVERSION = YES;
				CLANG_WARN_CONSTANT_CONVERSION = YES;
				CLANG_WARN_DIRECT_OBJC_ISA_USAGE = YES_ERROR;
				CLANG_WARN_EMPTY_BODY = YES;
				CLANG_WARN_ENUM_CONVERSION = YES;
				CLANG_WARN_INT_CONVERSION = YES;
				CLANG_WARN_OBJC_ROOT_CLASS = YES_ERROR;
				CLANG_WARN_UNREACHABLE_CODE = YES;
				CLANG_WARN__DUPLICATE_METHOD_MATCH = YES;
				"CODE_SIGN_IDENTITY[sdk=iphoneos*]" = "iPhone Developer";
				COPY_PHASE_STRIP = NO;
				DEBUG_INFORMATION_FORMAT = "dwarf-with-dsym";
				ENABLE_NS_ASSERTIONS = NO;
				ENABLE_STRICT_OBJC_MSGSEND = YES;
				GCC_C_LANGUAGE_STANDARD = gnu99;
				GCC_NO_COMMON_BLOCKS = YES;
				GCC_WARN_64_TO_32_BIT_CONVERSION = YES;
				GCC_WARN_ABOUT_RETURN_TYPE = YES_ERROR;
				GCC_WARN_UNDECLARED_SELECTOR = YES;
				GCC_WARN_UNINITIALIZED_AUTOS = YES_AGGRESSIVE;
				GCC_WARN_UNUSED_FUNCTION = YES;
				GCC_WARN_UNUSED_VARIABLE = YES;
				IPHONEOS_DEPLOYMENT_TARGET = 8.4;
				MTL_ENABLE_DEBUG_INFO = NO;
				SDKROOT = iphoneos;
				VALIDATE_PRODUCT = YES;
			};
			name = Release;
		};
		0240B9641C18EF86004B48BA /* Debug */ = {
			isa = XCBuildConfiguration;
			buildSettings = {
				ASSETCATALOG_COMPILER_APPICON_NAME = AppIcon;
				CLANG_ENABLE_MODULES = YES;
				CODE_SIGN_IDENTITY = "iPhone Developer";
				INFOPLIST_FILE = SwipeRight/Info.plist;
				IPHONEOS_DEPLOYMENT_TARGET = 8.4;
				LD_RUNPATH_SEARCH_PATHS = "$(inherited) @executable_path/Frameworks";
				PRODUCT_BUNDLE_IDENTIFIER = com.fortyhandsgames.SwipedRight;
				PRODUCT_NAME = "SwipeRight!";
				SWIFT_OBJC_BRIDGING_HEADER = "SwipeRight/SwipeRight!-Bridging-Header.h";
				SWIFT_OPTIMIZATION_LEVEL = "-Onone";
				TARGETED_DEVICE_FAMILY = "1,2";
			};
			name = Debug;
		};
		0240B9651C18EF86004B48BA /* Release */ = {
			isa = XCBuildConfiguration;
			buildSettings = {
				ASSETCATALOG_COMPILER_APPICON_NAME = AppIcon;
				CLANG_ENABLE_MODULES = YES;
				CODE_SIGN_IDENTITY = "iPhone Developer";
				INFOPLIST_FILE = SwipeRight/Info.plist;
				IPHONEOS_DEPLOYMENT_TARGET = 8.4;
				LD_RUNPATH_SEARCH_PATHS = "$(inherited) @executable_path/Frameworks";
				PRODUCT_BUNDLE_IDENTIFIER = com.fortyhandsgames.SwipedRight;
				PRODUCT_NAME = "SwipeRight!";
				SWIFT_OBJC_BRIDGING_HEADER = "SwipeRight/SwipeRight!-Bridging-Header.h";
				TARGETED_DEVICE_FAMILY = "1,2";
			};
			name = Release;
		};
/* End XCBuildConfiguration section */

/* Begin XCConfigurationList section */
		0240B94C1C18EF86004B48BA /* Build configuration list for PBXProject "SwipeRight!" */ = {
			isa = XCConfigurationList;
			buildConfigurations = (
				0240B9611C18EF86004B48BA /* Debug */,
				0240B9621C18EF86004B48BA /* Release */,
			);
			defaultConfigurationIsVisible = 0;
			defaultConfigurationName = Release;
		};
		0240B9631C18EF86004B48BA /* Build configuration list for PBXNativeTarget "SwipeRight!" */ = {
			isa = XCConfigurationList;
			buildConfigurations = (
				0240B9641C18EF86004B48BA /* Debug */,
				0240B9651C18EF86004B48BA /* Release */,
			);
			defaultConfigurationIsVisible = 0;
			defaultConfigurationName = Release;
		};
/* End XCConfigurationList section */
	};
	rootObject = 0240B9491C18EF86004B48BA /* Project object */;
}
