// !$*UTF8*$!
{
	archiveVersion = 1;
	classes = {
	};
	objectVersion = 46;
	objects = {

/* Begin PBXBuildFile section */
		022098171C1DBFD2005155E6 /* GridLayout.swift in Sources */ = {isa = PBXBuildFile; fileRef = 022098161C1DBFD2005155E6 /* GridLayout.swift */; };
		022098191C1DC005005155E6 /* RandomNumber.swift in Sources */ = {isa = PBXBuildFile; fileRef = 022098181C1DC005005155E6 /* RandomNumber.swift */; };
		0220981C1C1DC796005155E6 /* Grid.swift in Sources */ = {isa = PBXBuildFile; fileRef = 0220981B1C1DC796005155E6 /* Grid.swift */; };
		0220981E1C1DC808005155E6 /* Math.swift in Sources */ = {isa = PBXBuildFile; fileRef = 0220981D1C1DC808005155E6 /* Math.swift */; };
		022098201C1DCA6C005155E6 /* NumberCombination.swift in Sources */ = {isa = PBXBuildFile; fileRef = 0220981F1C1DCA6C005155E6 /* NumberCombination.swift */; };
		022098251C1DFDEB005155E6 /* TileView.swift in Sources */ = {isa = PBXBuildFile; fileRef = 022098241C1DFDEB005155E6 /* TileView.swift */; };
		022098271C1E107B005155E6 /* GameView.swift in Sources */ = {isa = PBXBuildFile; fileRef = 022098261C1E107B005155E6 /* GameView.swift */; };
		0240B9551C18EF86004B48BA /* AppDelegate.swift in Sources */ = {isa = PBXBuildFile; fileRef = 0240B9541C18EF86004B48BA /* AppDelegate.swift */; };
		0240B9571C18EF86004B48BA /* ViewController.swift in Sources */ = {isa = PBXBuildFile; fileRef = 0240B9561C18EF86004B48BA /* ViewController.swift */; };
		0240B95A1C18EF86004B48BA /* Main.storyboard in Resources */ = {isa = PBXBuildFile; fileRef = 0240B9581C18EF86004B48BA /* Main.storyboard */; };
		0240B95C1C18EF86004B48BA /* Assets.xcassets in Resources */ = {isa = PBXBuildFile; fileRef = 0240B95B1C18EF86004B48BA /* Assets.xcassets */; };
		0240B95F1C18EF86004B48BA /* LaunchScreen.storyboard in Resources */ = {isa = PBXBuildFile; fileRef = 0240B95D1C18EF86004B48BA /* LaunchScreen.storyboard */; };
/* End PBXBuildFile section */

/* Begin PBXFileReference section */
		022098161C1DBFD2005155E6 /* GridLayout.swift */ = {isa = PBXFileReference; fileEncoding = 4; lastKnownFileType = sourcecode.swift; path = GridLayout.swift; sourceTree = "<group>"; };
		022098181C1DC005005155E6 /* RandomNumber.swift */ = {isa = PBXFileReference; fileEncoding = 4; lastKnownFileType = sourcecode.swift; path = RandomNumber.swift; sourceTree = "<group>"; };
		0220981B1C1DC796005155E6 /* Grid.swift */ = {isa = PBXFileReference; fileEncoding = 4; lastKnownFileType = sourcecode.swift; name = Grid.swift; path = ../Grid.swift; sourceTree = "<group>"; };
		0220981D1C1DC808005155E6 /* Math.swift */ = {isa = PBXFileReference; fileEncoding = 4; lastKnownFileType = sourcecode.swift; path = Math.swift; sourceTree = "<group>"; };
		0220981F1C1DCA6C005155E6 /* NumberCombination.swift */ = {isa = PBXFileReference; fileEncoding = 4; lastKnownFileType = sourcecode.swift; path = NumberCombination.swift; sourceTree = "<group>"; };
		022098241C1DFDEB005155E6 /* TileView.swift */ = {isa = PBXFileReference; fileEncoding = 4; lastKnownFileType = sourcecode.swift; path = TileView.swift; sourceTree = "<group>"; };
		022098261C1E107B005155E6 /* GameView.swift */ = {isa = PBXFileReference; fileEncoding = 4; lastKnownFileType = sourcecode.swift; path = GameView.swift; sourceTree = "<group>"; };
		0240B9511C18EF86004B48BA /* SwipeRight.app */ = {isa = PBXFileReference; explicitFileType = wrapper.application; includeInIndex = 0; path = SwipeRight.app; sourceTree = BUILT_PRODUCTS_DIR; };
		0240B9541C18EF86004B48BA /* AppDelegate.swift */ = {isa = PBXFileReference; lastKnownFileType = sourcecode.swift; path = AppDelegate.swift; sourceTree = "<group>"; };
		0240B9561C18EF86004B48BA /* ViewController.swift */ = {isa = PBXFileReference; lastKnownFileType = sourcecode.swift; path = ViewController.swift; sourceTree = "<group>"; };
		0240B9591C18EF86004B48BA /* Base */ = {isa = PBXFileReference; lastKnownFileType = file.storyboard; name = Base; path = Base.lproj/Main.storyboard; sourceTree = "<group>"; };
		0240B95B1C18EF86004B48BA /* Assets.xcassets */ = {isa = PBXFileReference; lastKnownFileType = folder.assetcatalog; path = Assets.xcassets; sourceTree = "<group>"; };
		0240B95E1C18EF86004B48BA /* Base */ = {isa = PBXFileReference; lastKnownFileType = file.storyboard; name = Base; path = Base.lproj/LaunchScreen.storyboard; sourceTree = "<group>"; };
		0240B9601C18EF86004B48BA /* Info.plist */ = {isa = PBXFileReference; lastKnownFileType = text.plist.xml; path = Info.plist; sourceTree = "<group>"; };
/* End PBXFileReference section */

/* Begin PBXFrameworksBuildPhase section */
		0240B94E1C18EF86004B48BA /* Frameworks */ = {
			isa = PBXFrameworksBuildPhase;
			buildActionMask = 2147483647;
			files = (
			);
			runOnlyForDeploymentPostprocessing = 0;
		};
/* End PBXFrameworksBuildPhase section */

/* Begin PBXGroup section */
		0220981A1C1DC00A005155E6 /* Extensions */ = {
			isa = PBXGroup;
			children = (
				0220981B1C1DC796005155E6 /* Grid.swift */,
				0220981D1C1DC808005155E6 /* Math.swift */,
				022098181C1DC005005155E6 /* RandomNumber.swift */,
			);
			name = Extensions;
			sourceTree = "<group>";
		};
		022098211C1DCA73005155E6 /* GridDataObjects */ = {
			isa = PBXGroup;
			children = (
				0220981F1C1DCA6C005155E6 /* NumberCombination.swift */,
				022098161C1DBFD2005155E6 /* GridLayout.swift */,
			);
			name = GridDataObjects;
			sourceTree = "<group>";
		};
		022098221C1DCAA9005155E6 /* Interface */ = {
			isa = PBXGroup;
			children = (
				0240B9581C18EF86004B48BA /* Main.storyboard */,
				0240B95D1C18EF86004B48BA /* LaunchScreen.storyboard */,
			);
			name = Interface;
			sourceTree = "<group>";
		};
		022098231C1DCABC005155E6 /* Admin */ = {
			isa = PBXGroup;
			children = (
				0240B9601C18EF86004B48BA /* Info.plist */,
				0240B9541C18EF86004B48BA /* AppDelegate.swift */,
			);
			name = Admin;
			sourceTree = "<group>";
		};
		0240B9481C18EF86004B48BA = {
			isa = PBXGroup;
			children = (
				0240B9531C18EF86004B48BA /* SwipeRight */,
				0240B9521C18EF86004B48BA /* Products */,
			);
			sourceTree = "<group>";
		};
		0240B9521C18EF86004B48BA /* Products */ = {
			isa = PBXGroup;
			children = (
				0240B9511C18EF86004B48BA /* SwipeRight.app */,
			);
			name = Products;
			sourceTree = "<group>";
		};
		0240B9531C18EF86004B48BA /* SwipeRight */ = {
			isa = PBXGroup;
			children = (
				022098231C1DCABC005155E6 /* Admin */,
				0220981A1C1DC00A005155E6 /* Extensions */,
				022098211C1DCA73005155E6 /* GridDataObjects */,
				0240B9561C18EF86004B48BA /* ViewController.swift */,
				022098261C1E107B005155E6 /* GameView.swift */,
				022098241C1DFDEB005155E6 /* TileView.swift */,
				022098221C1DCAA9005155E6 /* Interface */,
				0240B95B1C18EF86004B48BA /* Assets.xcassets */,
			);
			path = SwipeRight;
			sourceTree = "<group>";
		};
/* End PBXGroup section */

/* Begin PBXNativeTarget section */
		0240B9501C18EF86004B48BA /* SwipeRight */ = {
			isa = PBXNativeTarget;
			buildConfigurationList = 0240B9631C18EF86004B48BA /* Build configuration list for PBXNativeTarget "SwipeRight" */;
			buildPhases = (
				0240B94D1C18EF86004B48BA /* Sources */,
				0240B94E1C18EF86004B48BA /* Frameworks */,
				0240B94F1C18EF86004B48BA /* Resources */,
			);
			buildRules = (
			);
			dependencies = (
			);
			name = SwipeRight;
			productName = SwipeRight;
			productReference = 0240B9511C18EF86004B48BA /* SwipeRight.app */;
			productType = "com.apple.product-type.application";
		};
/* End PBXNativeTarget section */

/* Begin PBXProject section */
		0240B9491C18EF86004B48BA /* Project object */ = {
			isa = PBXProject;
			attributes = {
				LastSwiftUpdateCheck = 0710;
				LastUpgradeCheck = 0710;
				ORGANIZATIONNAME = "Matthew Barth";
				TargetAttributes = {
					0240B9501C18EF86004B48BA = {
						CreatedOnToolsVersion = 7.1.1;
					};
				};
			};
			buildConfigurationList = 0240B94C1C18EF86004B48BA /* Build configuration list for PBXProject "SwipeRight" */;
			compatibilityVersion = "Xcode 3.2";
			developmentRegion = English;
			hasScannedForEncodings = 0;
			knownRegions = (
				en,
				Base,
			);
			mainGroup = 0240B9481C18EF86004B48BA;
			productRefGroup = 0240B9521C18EF86004B48BA /* Products */;
			projectDirPath = "";
			projectRoot = "";
			targets = (
				0240B9501C18EF86004B48BA /* SwipeRight */,
			);
		};
/* End PBXProject section */

/* Begin PBXResourcesBuildPhase section */
		0240B94F1C18EF86004B48BA /* Resources */ = {
			isa = PBXResourcesBuildPhase;
			buildActionMask = 2147483647;
			files = (
				0240B95F1C18EF86004B48BA /* LaunchScreen.storyboard in Resources */,
				0240B95C1C18EF86004B48BA /* Assets.xcassets in Resources */,
				0240B95A1C18EF86004B48BA /* Main.storyboard in Resources */,
			);
			runOnlyForDeploymentPostprocessing = 0;
		};
/* End PBXResourcesBuildPhase section */

/* Begin PBXSourcesBuildPhase section */
		0240B94D1C18EF86004B48BA /* Sources */ = {
			isa = PBXSourcesBuildPhase;
			buildActionMask = 2147483647;
			files = (
				022098171C1DBFD2005155E6 /* GridLayout.swift in Sources */,
				0240B9571C18EF86004B48BA /* ViewController.swift in Sources */,
				022098251C1DFDEB005155E6 /* TileView.swift in Sources */,
				0240B9551C18EF86004B48BA /* AppDelegate.swift in Sources */,
				022098271C1E107B005155E6 /* GameView.swift in Sources */,
				0220981C1C1DC796005155E6 /* Grid.swift in Sources */,
				022098201C1DCA6C005155E6 /* NumberCombination.swift in Sources */,
				022098191C1DC005005155E6 /* RandomNumber.swift in Sources */,
				0220981E1C1DC808005155E6 /* Math.swift in Sources */,
			);
			runOnlyForDeploymentPostprocessing = 0;
		};
/* End PBXSourcesBuildPhase section */

/* Begin PBXVariantGroup section */
		0240B9581C18EF86004B48BA /* Main.storyboard */ = {
			isa = PBXVariantGroup;
			children = (
				0240B9591C18EF86004B48BA /* Base */,
			);
			name = Main.storyboard;
			sourceTree = "<group>";
		};
		0240B95D1C18EF86004B48BA /* LaunchScreen.storyboard */ = {
			isa = PBXVariantGroup;
			children = (
				0240B95E1C18EF86004B48BA /* Base */,
			);
			name = LaunchScreen.storyboard;
			sourceTree = "<group>";
		};
/* End PBXVariantGroup section */

/* Begin XCBuildConfiguration section */
		0240B9611C18EF86004B48BA /* Debug */ = {
			isa = XCBuildConfiguration;
			buildSettings = {
				ALWAYS_SEARCH_USER_PATHS = NO;
				CLANG_CXX_LANGUAGE_STANDARD = "gnu++0x";
				CLANG_CXX_LIBRARY = "libc++";
				CLANG_ENABLE_MODULES = YES;
				CLANG_ENABLE_OBJC_ARC = YES;
				CLANG_WARN_BOOL_CONVERSION = YES;
				CLANG_WARN_CONSTANT_CONVERSION = YES;
				CLANG_WARN_DIRECT_OBJC_ISA_USAGE = YES_ERROR;
				CLANG_WARN_EMPTY_BODY = YES;
				CLANG_WARN_ENUM_CONVERSION = YES;
				CLANG_WARN_INT_CONVERSION = YES;
				CLANG_WARN_OBJC_ROOT_CLASS = YES_ERROR;
				CLANG_WARN_UNREACHABLE_CODE = YES;
				CLANG_WARN__DUPLICATE_METHOD_MATCH = YES;
				"CODE_SIGN_IDENTITY[sdk=iphoneos*]" = "iPhone Developer";
				COPY_PHASE_STRIP = NO;
				DEBUG_INFORMATION_FORMAT = dwarf;
				ENABLE_STRICT_OBJC_MSGSEND = YES;
				ENABLE_TESTABILITY = YES;
				GCC_C_LANGUAGE_STANDARD = gnu99;
				GCC_DYNAMIC_NO_PIC = NO;
				GCC_NO_COMMON_BLOCKS = YES;
				GCC_OPTIMIZATION_LEVEL = 0;
				GCC_PREPROCESSOR_DEFINITIONS = (
					"DEBUG=1",
					"$(inherited)",
				);
				GCC_WARN_64_TO_32_BIT_CONVERSION = YES;
				GCC_WARN_ABOUT_RETURN_TYPE = YES_ERROR;
				GCC_WARN_UNDECLARED_SELECTOR = YES;
				GCC_WARN_UNINITIALIZED_AUTOS = YES_AGGRESSIVE;
				GCC_WARN_UNUSED_FUNCTION = YES;
				GCC_WARN_UNUSED_VARIABLE = YES;
				IPHONEOS_DEPLOYMENT_TARGET = 9.1;
				MTL_ENABLE_DEBUG_INFO = YES;
				ONLY_ACTIVE_ARCH = YES;
				SDKROOT = iphoneos;
				SWIFT_OPTIMIZATION_LEVEL = "-Onone";
			};
			name = Debug;
		};
		0240B9621C18EF86004B48BA /* Release */ = {
			isa = XCBuildConfiguration;
			buildSettings = {
				ALWAYS_SEARCH_USER_PATHS = NO;
				CLANG_CXX_LANGUAGE_STANDARD = "gnu++0x";
				CLANG_CXX_LIBRARY = "libc++";
				CLANG_ENABLE_MODULES = YES;
				CLANG_ENABLE_OBJC_ARC = YES;
				CLANG_WARN_BOOL_CONVERSION = YES;
				CLANG_WARN_CONSTANT_CONVERSION = YES;
				CLANG_WARN_DIRECT_OBJC_ISA_USAGE = YES_ERROR;
				CLANG_WARN_EMPTY_BODY = YES;
				CLANG_WARN_ENUM_CONVERSION = YES;
				CLANG_WARN_INT_CONVERSION = YES;
				CLANG_WARN_OBJC_ROOT_CLASS = YES_ERROR;
				CLANG_WARN_UNREACHABLE_CODE = YES;
				CLANG_WARN__DUPLICATE_METHOD_MATCH = YES;
				"CODE_SIGN_IDENTITY[sdk=iphoneos*]" = "iPhone Developer";
				COPY_PHASE_STRIP = NO;
				DEBUG_INFORMATION_FORMAT = "dwarf-with-dsym";
				ENABLE_NS_ASSERTIONS = NO;
				ENABLE_STRICT_OBJC_MSGSEND = YES;
				GCC_C_LANGUAGE_STANDARD = gnu99;
				GCC_NO_COMMON_BLOCKS = YES;
				GCC_WARN_64_TO_32_BIT_CONVERSION = YES;
				GCC_WARN_ABOUT_RETURN_TYPE = YES_ERROR;
				GCC_WARN_UNDECLARED_SELECTOR = YES;
				GCC_WARN_UNINITIALIZED_AUTOS = YES_AGGRESSIVE;
				GCC_WARN_UNUSED_FUNCTION = YES;
				GCC_WARN_UNUSED_VARIABLE = YES;
				IPHONEOS_DEPLOYMENT_TARGET = 9.1;
				MTL_ENABLE_DEBUG_INFO = NO;
				SDKROOT = iphoneos;
				VALIDATE_PRODUCT = YES;
			};
			name = Release;
		};
		0240B9641C18EF86004B48BA /* Debug */ = {
			isa = XCBuildConfiguration;
			buildSettings = {
				ASSETCATALOG_COMPILER_APPICON_NAME = AppIcon;
				INFOPLIST_FILE = SwipeRight/Info.plist;
				IPHONEOS_DEPLOYMENT_TARGET = 9.1;
				LD_RUNPATH_SEARCH_PATHS = "$(inherited) @executable_path/Frameworks";
				PRODUCT_BUNDLE_IDENTIFIER = com.dawnofindustry.SwipeRight;
				PRODUCT_NAME = "$(TARGET_NAME)";
				TARGETED_DEVICE_FAMILY = "1,2";
			};
			name = Debug;
		};
		0240B9651C18EF86004B48BA /* Release */ = {
			isa = XCBuildConfiguration;
			buildSettings = {
				ASSETCATALOG_COMPILER_APPICON_NAME = AppIcon;
				INFOPLIST_FILE = SwipeRight/Info.plist;
				IPHONEOS_DEPLOYMENT_TARGET = 9.1;
				LD_RUNPATH_SEARCH_PATHS = "$(inherited) @executable_path/Frameworks";
				PRODUCT_BUNDLE_IDENTIFIER = com.dawnofindustry.SwipeRight;
				PRODUCT_NAME = "$(TARGET_NAME)";
				TARGETED_DEVICE_FAMILY = "1,2";
			};
			name = Release;
		};
/* End XCBuildConfiguration section */

/* Begin XCConfigurationList section */
		0240B94C1C18EF86004B48BA /* Build configuration list for PBXProject "SwipeRight" */ = {
			isa = XCConfigurationList;
			buildConfigurations = (
				0240B9611C18EF86004B48BA /* Debug */,
				0240B9621C18EF86004B48BA /* Release */,
			);
			defaultConfigurationIsVisible = 0;
			defaultConfigurationName = Release;
		};
		0240B9631C18EF86004B48BA /* Build configuration list for PBXNativeTarget "SwipeRight" */ = {
			isa = XCConfigurationList;
			buildConfigurations = (
				0240B9641C18EF86004B48BA /* Debug */,
				0240B9651C18EF86004B48BA /* Release */,
			);
			defaultConfigurationIsVisible = 0;
			defaultConfigurationName = Release;
		};
/* End XCConfigurationList section */
	};
	rootObject = 0240B9491C18EF86004B48BA /* Project object */;
}
